
Microsoft Visual Studio Solution File, Format Version 12.00
# Visual Studio Version 16
VisualStudioVersion = 16.0.31515.178
MinimumVisualStudioVersion = 10.0.40219.1
Project("{FAE04EC0-301F-11D3-BF4B-00C04F79EFBC}") = "MicroserviceAssignment", "MicroserviceAssignment\MicroserviceAssignment.csproj", "{C2E88201-4BB2-4079-9F9B-A01CDF1D9FC4}"
EndProject
Project("{FAE04EC0-301F-11D3-BF4B-00C04F79EFBC}") = "ClientApi", "ClientApi\ClientApi.csproj", "{3295027E-D83B-4B15-9C25-2A7FAB7F65FB}"
EndProject
Global
	GlobalSection(SolutionConfigurationPlatforms) = preSolution
		Debug|Any CPU = Debug|Any CPU
		Release|Any CPU = Release|Any CPU
	EndGlobalSection
	GlobalSection(ProjectConfigurationPlatforms) = postSolution
		{C2E88201-4BB2-4079-9F9B-A01CDF1D9FC4}.Debug|Any CPU.ActiveCfg = Debug|Any CPU
		{C2E88201-4BB2-4079-9F9B-A01CDF1D9FC4}.Debug|Any CPU.Build.0 = Debug|Any CPU
		{C2E88201-4BB2-4079-9F9B-A01CDF1D9FC4}.Release|Any CPU.ActiveCfg = Release|Any CPU
		{C2E88201-4BB2-4079-9F9B-A01CDF1D9FC4}.Release|Any CPU.Build.0 = Release|Any CPU
		{3295027E-D83B-4B15-9C25-2A7FAB7F65FB}.Debug|Any CPU.ActiveCfg = Debug|Any CPU
		{3295027E-D83B-4B15-9C25-2A7FAB7F65FB}.Debug|Any CPU.Build.0 = Debug|Any CPU
		{3295027E-D83B-4B15-9C25-2A7FAB7F65FB}.Release|Any CPU.ActiveCfg = Release|Any CPU
		{3295027E-D83B-4B15-9C25-2A7FAB7F65FB}.Release|Any CPU.Build.0 = Release|Any CPU
	EndGlobalSection
	GlobalSection(SolutionProperties) = preSolution
		HideSolutionNode = FALSE
	EndGlobalSection
	GlobalSection(ExtensibilityGlobals) = postSolution
		SolutionGuid = {081A5C61-B3CD-4156-9DA3-18E5C18249F7}
	EndGlobalSection
EndGlobal
